# This file is automatically @generated by Cargo.
# It is not intended for manual editing.
version = 3

[[package]]
name = "labyrinth"
version = "0.1.0"
dependencies = [
 "search",
]

[[package]]
name = "search"
version = "0.1.0"
source = "git+https://github.com/4erf/rust-search-algos#0b7b7bd5e4f61d3fb2b9186a4ddedfa4ce2ce752"
